github.com/vbnetvbnet/A v1.1.0 h1:wMb+uKUfzjwyUbRN9+1cGnlo4m1HBWPodEP5cLfTFWo=
github.com/vbnetvbnet/A v1.1.0/go.mod h1:DzhBWfvpKSvL3cW9Eu9Oz1ZVb3h/LKLXZzNq3vsHkw4=
github.com/vbnetvbnet/B v1.3.0 h1:QVxSgWP5cRC/8PowSbzSBqwZI+iry8IyNjTukgFIM6A=
github.com/vbnetvbnet/B v1.3.0/go.mod h1:1/wl97Qm38gfOTfCIytRtuDJKXNHAjL0psjE1Pb5nsc=
